{
  "name": "@whcg/whcg-section-textlong-input-chart",
  "version": "1.2.3",
  "lockfileVersion": 1,
  "requires": true,
  "dependencies": {
    "@polymer/iron-flex-layout": {
      "version": "3.0.0",
      "resolved": "https://registry.npmjs.org/@polymer/iron-flex-layout/-/iron-flex-layout-3.0.0.tgz",
      "integrity": "sha512-j9abvzJ8GFMD1fjm3iQ5K+rI0XbWAwfXZqa/FAc8/Bsh7zFkAYeyko+KVpwk18kFNH/HaCLOBWaUNb9B//gg+A==",
      "requires": {
        "@polymer/polymer": "^3.0.0"
      }
    },
    "@polymer/iron-icon": {
      "version": "3.0.0",
      "resolved": "https://registry.npmjs.org/@polymer/iron-icon/-/iron-icon-3.0.0.tgz",
      "integrity": "sha512-YPWfY5GWmWBOAelh6GnJGXaiO5JQ11Yz/G5pa/0JMutZ736jFXhpoGpATwQOM2au+UR+Ak3pgeY5pufQDb61Yw==",
      "requires": {
        "@polymer/iron-flex-layout": "^3.0.0-pre.26",
        "@polymer/iron-meta": "^3.0.0-pre.26",
        "@polymer/polymer": "^3.0.0"
      }
    },
    "@polymer/iron-meta": {
      "version": "3.0.0",
      "resolved": "https://registry.npmjs.org/@polymer/iron-meta/-/iron-meta-3.0.0.tgz",
      "integrity": "sha512-saHTg7acqaugMmdCvKQRNhIoOIR5wmKBDP6kTcDjmA5KYDKsmxuokDTvYlCBlknkE0YAMTKBft4zNlApvU/9zg==",
      "requires": {
        "@polymer/polymer": "^3.0.0"
      }
    },
    "@polymer/polymer": {
      "version": "3.0.5",
      "resolved": "https://registry.npmjs.org/@polymer/polymer/-/polymer-3.0.5.tgz",
      "integrity": "sha512-Zbmhtr5vZ3NoHWwFYLKI4ff7yfE6DZopI8vaS7HvmUIuNqsv/EpEDXfNEYjqePQmkMX5LU9OIKV1eX/+9aveow==",
      "requires": {
        "@webcomponents/shadycss": "^1.2.0"
      }
    },
    "@webcomponents/shadycss": {
      "version": "1.5.2",
      "resolved": "https://registry.npmjs.org/@webcomponents/shadycss/-/shadycss-1.5.2.tgz",
      "integrity": "sha512-0OyrmVc7S+INtzoqP2ofAo+OdVn2Nj0Qvq4wD9FEGN7nMmLRxaD2mzy6hD6EslzxUSuGH302CDU4KXiY66SEqg=="
    },
    "@whcg/whcg-general-styles": {
      "version": "1.2.2",
      "resolved": "https://registry.npmjs.org/@whcg/whcg-general-styles/-/whcg-general-styles-1.2.2.tgz",
      "integrity": "sha512-675QoZu/3Dt3TadtCnLY0lnBTXKUPPOdQOJSWwjbUiUk7d4daq414YuFxcMedcA91tDul11IohsFz/XuAMLfaw==",
      "requires": {
        "@polymer/iron-icon": "^3.0.0",
        "@polymer/polymer": "^3.0.5"
      }
    }
  }
}
